<?xml version="1.0" encoding="UTF-8" standalone="yes" ?>
<CodeBlocks_project_file>
	<FileVersion major="1" minor="6" />
	<Project>
		<Option title="Super Smash Pikachu" />
		<Option pch_mode="2" />
		<Option compiler="gcc" />
		<Build>
			<Target title="Debug">
				<Option output="bin/Debug/Super Smash Pikachu" prefix_auto="1" extension_auto="1" />
				<Option object_output="obj/Debug/" />
				<Option type="1" />
				<Option compiler="gcc" />
				<Compiler>
					<Add option="-std=c++11" />
					<Add option="-g" />
					<Add directory="../../dev/SFML-2.4.2/include" />
					<Add directory="../../dev/Box2D" />
				</Compiler>
				<Linker>
					<Add library="sfml-audio-d" />
					<Add library="sfml-graphics-d" />
					<Add library="sfml-window-d" />
					<Add library="sfml-system-d" />
					<Add library="$(codeblocks)/../Box2D/Box2D/libBox2d.a" />
					<Add directory="../../dev/SFML-2.4.2/lib" />
				</Linker>
			</Target>
		</Build>
		<Compiler>
			<Add option="-Wall" />
			<Add option="-std=c++11" />
			<Add option="-fexceptions" />
			<Add directory="$(#sfml.include)" />
			<Add directory="../../dev/Box2D" />
		</Compiler>
		<Linker>
			<Add library="sfml-audio-d" />
			<Add library="sfml-graphics-d" />
			<Add library="sfml-window-d" />
			<Add library="sfml-system-d" />
			<Add library="$(codeblocks)/../Box2D/Box2D/libBox2d.a" />
			<Add directory="$(#sfml.lib)" />
		</Linker>
		<Unit filename="ASPECT.H" />
		<Unit filename="BUTTONS.H" />
		<Unit filename="CAMERA.H" />
		<Unit filename="HITBOX.H" />
		<Unit filename="PLATFORM.H" />
		<Unit filename="PLAYER.H" />
		<Unit filename="SENSORS.H" />
		<Unit filename="main.cpp" />
		<Extensions>
			<code_completion />
			<envvars />
			<debugger />
		</Extensions>
	</Project>
</CodeBlocks_project_file>
